<?xml version="1.0" encoding="utf-8"?>
<Project ToolsVersion="4.0" xmlns="http://schemas.microsoft.com/developer/msbuild/2003">
  <ItemGroup>
    <Filter Include="Исходные файлы">
      <UniqueIdentifier>{4FC737F1-C7A5-4376-A066-2A32D752A2FF}</UniqueIdentifier>
      <Extensions>cpp;c;cc;cxx;c++;cppm;ixx;def;odl;idl;hpj;bat;asm;asmx</Extensions>
    </Filter>
    <Filter Include="Файлы заголовков">
      <UniqueIdentifier>{93995380-89BD-4b04-88EB-625FBE52EBFB}</UniqueIdentifier>
      <Extensions>h;hh;hpp;hxx;h++;hm;inl;inc;ipp;xsd</Extensions>
    </Filter>
    <Filter Include="Файлы ресурсов">
      <UniqueIdentifier>{67DA6AB6-F800-4c08-8B7A-83BB121AAD01}</UniqueIdentifier>
      <Extensions>rc;ico;cur;bmp;dlg;rc2;rct;bin;rgs;gif;jpg;jpeg;jpe;resx;tiff;tif;png;wav;mfcribbon-ms</Extensions>
    </Filter>
  </ItemGroup>
  <ItemGroup>
    <ClInclude Include="framework.h">
      <Filter>Файлы заголовков</Filter>
    </ClInclude>
    <ClInclude Include="pch.h">
      <Filter>Файлы заголовков</Filter>
    </ClInclude>
    <ClInclude Include="dependencies\Luau\VecDeque.h">
      <Filter>Файлы заголовков</Filter>
    </ClInclude>
    <ClInclude Include="dependencies\Luau\Ast.h">
      <Filter>Файлы заголовков</Filter>
    </ClInclude>
    <ClInclude Include="dependencies\Luau\BuiltinFolding.h">
      <Filter>Файлы заголовков</Filter>
    </ClInclude>
    <ClInclude Include="dependencies\Luau\Builtins.h">
      <Filter>Файлы заголовков</Filter>
    </ClInclude>
    <ClInclude Include="dependencies\Luau\Bytecode.h">
      <Filter>Файлы заголовков</Filter>
    </ClInclude>
    <ClInclude Include="dependencies\Luau\BytecodeBuilder.h">
      <Filter>Файлы заголовков</Filter>
    </ClInclude>
    <ClInclude Include="dependencies\Luau\BytecodeUtils.h">
      <Filter>Файлы заголовков</Filter>
    </ClInclude>
    <ClInclude Include="dependencies\Luau\Common.h">
      <Filter>Файлы заголовков</Filter>
    </ClInclude>
    <ClInclude Include="dependencies\Luau\Compiler.h">
      <Filter>Файлы заголовков</Filter>
    </ClInclude>
    <ClInclude Include="dependencies\Luau\Confusables.h">
      <Filter>Файлы заголовков</Filter>
    </ClInclude>
    <ClInclude Include="dependencies\Luau\ConstantFolding.h">
      <Filter>Файлы заголовков</Filter>
    </ClInclude>
    <ClInclude Include="dependencies\Luau\CostModel.h">
      <Filter>Файлы заголовков</Filter>
    </ClInclude>
    <ClInclude Include="dependencies\Luau\DenseHash.h">
      <Filter>Файлы заголовков</Filter>
    </ClInclude>
    <ClInclude Include="dependencies\Luau\ExperimentalFlags.h">
      <Filter>Файлы заголовков</Filter>
    </ClInclude>
    <ClInclude Include="dependencies\Luau\Lexer.h">
      <Filter>Файлы заголовков</Filter>
    </ClInclude>
    <ClInclude Include="dependencies\Luau\Location.h">
      <Filter>Файлы заголовков</Filter>
    </ClInclude>
    <ClInclude Include="dependencies\Luau\ParseOptions.h">
      <Filter>Файлы заголовков</Filter>
    </ClInclude>
    <ClInclude Include="dependencies\Luau\Parser.h">
      <Filter>Файлы заголовков</Filter>
    </ClInclude>
    <ClInclude Include="dependencies\Luau\ParseResult.h">
      <Filter>Файлы заголовков</Filter>
    </ClInclude>
    <ClInclude Include="dependencies\Luau\StringUtils.h">
      <Filter>Файлы заголовков</Filter>
    </ClInclude>
    <ClInclude Include="dependencies\Luau\TableShape.h">
      <Filter>Файлы заголовков</Filter>
    </ClInclude>
    <ClInclude Include="dependencies\Luau\TimeTrace.h">
      <Filter>Файлы заголовков</Filter>
    </ClInclude>
    <ClInclude Include="dependencies\Luau\Types.h">
      <Filter>Файлы заголовков</Filter>
    </ClInclude>
    <ClInclude Include="dependencies\Luau\ValueTracking.h">
      <Filter>Файлы заголовков</Filter>
    </ClInclude>
    <ClInclude Include="dependencies\Luau\Variant.h">
      <Filter>Файлы заголовков</Filter>
    </ClInclude>
    <ClInclude Include="utils\rbx\offsets.hpp">
      <Filter>Файлы заголовков</Filter>
    </ClInclude>
    <ClInclude Include="utils\utils\memory\memory.hpp">
      <Filter>Файлы заголовков</Filter>
    </ClInclude>
    <ClInclude Include="utils\utils\memory\WinAPI.hpp">
      <Filter>Файлы заголовков</Filter>
    </ClInclude>
    <ClInclude Include="utils\rbx\datamodel\datamodel.hpp">
      <Filter>Файлы заголовков</Filter>
    </ClInclude>
    <ClInclude Include="utils\rbx\instance\instance.hpp">
      <Filter>Файлы заголовков</Filter>
    </ClInclude>
    <ClInclude Include="utils\rbx\storage.hpp">
      <Filter>Файлы заголовков</Filter>
    </ClInclude>
  </ItemGroup>
  <ItemGroup>
    <ClCompile Include="dllmain.cpp">
      <Filter>Исходные файлы</Filter>
    </ClCompile>
    <ClCompile Include="pch.cpp">
      <Filter>Исходные файлы</Filter>
    </ClCompile>
    <ClCompile Include="injector.cpp">
      <Filter>Исходные файлы</Filter>
    </ClCompile>
    <ClCompile Include="dependencies\Luau\Ast.cpp">
      <Filter>Исходные файлы</Filter>
    </ClCompile>
    <ClCompile Include="dependencies\Luau\BuiltinFolding.cpp">
      <Filter>Исходные файлы</Filter>
    </ClCompile>
    <ClCompile Include="dependencies\Luau\Builtins.cpp">
      <Filter>Исходные файлы</Filter>
    </ClCompile>
    <ClCompile Include="dependencies\Luau\BytecodeBuilder.cpp">
      <Filter>Исходные файлы</Filter>
    </ClCompile>
    <ClCompile Include="dependencies\Luau\Compiler.cpp">
      <Filter>Исходные файлы</Filter>
    </ClCompile>
    <ClCompile Include="dependencies\Luau\Confusables.cpp">
      <Filter>Исходные файлы</Filter>
    </ClCompile>
    <ClCompile Include="dependencies\Luau\ConstantFolding.cpp">
      <Filter>Исходные файлы</Filter>
    </ClCompile>
    <ClCompile Include="dependencies\Luau\CostModel.cpp">
      <Filter>Исходные файлы</Filter>
    </ClCompile>
    <ClCompile Include="dependencies\Luau\lcode.cpp">
      <Filter>Исходные файлы</Filter>
    </ClCompile>
    <ClCompile Include="dependencies\Luau\Lexer.cpp">
      <Filter>Исходные файлы</Filter>
    </ClCompile>
    <ClCompile Include="dependencies\Luau\Location.cpp">
      <Filter>Исходные файлы</Filter>
    </ClCompile>
    <ClCompile Include="dependencies\Luau\Parser.cpp">
      <Filter>Исходные файлы</Filter>
    </ClCompile>
    <ClCompile Include="dependencies\Luau\StringUtils.cpp">
      <Filter>Исходные файлы</Filter>
    </ClCompile>
    <ClCompile Include="dependencies\Luau\TableShape.cpp">
      <Filter>Исходные файлы</Filter>
    </ClCompile>
    <ClCompile Include="dependencies\Luau\TimeTrace.cpp">
      <Filter>Исходные файлы</Filter>
    </ClCompile>
    <ClCompile Include="dependencies\Luau\Types.cpp">
      <Filter>Исходные файлы</Filter>
    </ClCompile>
    <ClCompile Include="dependencies\Luau\ValueTracking.cpp">
      <Filter>Исходные файлы</Filter>
    </ClCompile>
    <ClCompile Include="utils\utils\memory\memory.cpp">
      <Filter>Исходные файлы</Filter>
    </ClCompile>
    <ClCompile Include="utils\rbx\datamodel\datamodel.cpp">
      <Filter>Исходные файлы</Filter>
    </ClCompile>
    <ClCompile Include="utils\rbx\instance\instance.cpp">
      <Filter>Исходные файлы</Filter>
    </ClCompile>
  </ItemGroup>
  <ItemGroup>
    <None Include="init.lua" />
  </ItemGroup>
</Project>